
Microsoft Visual Studio Solution File, Format Version 12.00
# Visual Studio Version 17
VisualStudioVersion = 17.0.31903.59
MinimumVisualStudioVersion = 10.0.40219.1
Project("{9A19103F-16F7-4668-BE54-9A1E7A4F7556}") = "WriteToElasticsearchWithSerilog", "WriteToElasticsearchWithSerilog\WriteToElasticsearchWithSerilog.csproj", "{6DB86D59-21B0-4DE9-83A3-2E134B347061}"
EndProject
Global
	GlobalSection(SolutionConfigurationPlatforms) = preSolution
		Debug|Any CPU = Debug|Any CPU
		Release|Any CPU = Release|Any CPU
	EndGlobalSection
	GlobalSection(ProjectConfigurationPlatforms) = postSolution
		{6DB86D59-21B0-4DE9-83A3-2E134B347061}.Debug|Any CPU.ActiveCfg = Debug|Any CPU
		{6DB86D59-21B0-4DE9-83A3-2E134B347061}.Debug|Any CPU.Build.0 = Debug|Any CPU
		{6DB86D59-21B0-4DE9-83A3-2E134B347061}.Release|Any CPU.ActiveCfg = Release|Any CPU
		{6DB86D59-21B0-4DE9-83A3-2E134B347061}.Release|Any CPU.Build.0 = Release|Any CPU
	EndGlobalSection
	GlobalSection(SolutionProperties) = preSolution
		HideSolutionNode = FALSE
	EndGlobalSection
	GlobalSection(ExtensibilityGlobals) = postSolution
		SolutionGuid = {4977B207-498C-4F0F-8FB3-1D54048F1930}
	EndGlobalSection
EndGlobal
